
Microsoft Visual Studio Solution File, Format Version 12.00
# Visual Studio Version 17
VisualStudioVersion = 17.13.35806.99 d17.13
MinimumVisualStudioVersion = 10.0.40219.1
Project("{FAE04EC0-301F-11D3-BF4B-00C04F79EFBC}") = "Restaurant", "Restaurant\Restaurant.csproj", "{422FBD8A-B608-4CBA-9167-6DF40343A733}"
EndProject
Global
	GlobalSection(SolutionConfigurationPlatforms) = preSolution
		Debug|Any CPU = Debug|Any CPU
		Release|Any CPU = Release|Any CPU
	EndGlobalSection
	GlobalSection(ProjectConfigurationPlatforms) = postSolution
		{422FBD8A-B608-4CBA-9167-6DF40343A733}.Debug|Any CPU.ActiveCfg = Debug|Any CPU
		{422FBD8A-B608-4CBA-9167-6DF40343A733}.Debug|Any CPU.Build.0 = Debug|Any CPU
		{422FBD8A-B608-4CBA-9167-6DF40343A733}.Release|Any CPU.ActiveCfg = Release|Any CPU
		{422FBD8A-B608-4CBA-9167-6DF40343A733}.Release|Any CPU.Build.0 = Release|Any CPU
	EndGlobalSection
	GlobalSection(SolutionProperties) = preSolution
		HideSolutionNode = FALSE
	EndGlobalSection
	GlobalSection(ExtensibilityGlobals) = postSolution
		SolutionGuid = {58D7FC40-6B29-4FB0-A76C-9B80CB049B6D}
	EndGlobalSection
EndGlobal
